
Microsoft Visual Studio Solution File, Format Version 12.00
# Visual Studio Version 17
VisualStudioVersion = 17.5.33530.505
MinimumVisualStudioVersion = 10.0.40219.1
Project("{FAE04EC0-301F-11D3-BF4B-00C04F79EFBC}") = "CreatePhoneNumber.BL", "CreatePhoneNumber.BL\CreatePhoneNumber.BL.csproj", "{71A8E257-4545-49C3-B7B2-64CFF433332D}"
EndProject
Global
	GlobalSection(SolutionConfigurationPlatforms) = preSolution
		Debug|Any CPU = Debug|Any CPU
		Release|Any CPU = Release|Any CPU
	EndGlobalSection
	GlobalSection(ProjectConfigurationPlatforms) = postSolution
		{71A8E257-4545-49C3-B7B2-64CFF433332D}.Debug|Any CPU.ActiveCfg = Debug|Any CPU
		{71A8E257-4545-49C3-B7B2-64CFF433332D}.Debug|Any CPU.Build.0 = Debug|Any CPU
		{71A8E257-4545-49C3-B7B2-64CFF433332D}.Release|Any CPU.ActiveCfg = Release|Any CPU
		{71A8E257-4545-49C3-B7B2-64CFF433332D}.Release|Any CPU.Build.0 = Release|Any CPU
	EndGlobalSection
	GlobalSection(SolutionProperties) = preSolution
		HideSolutionNode = FALSE
	EndGlobalSection
	GlobalSection(ExtensibilityGlobals) = postSolution
		SolutionGuid = {3FF8E6FD-A266-488A-959A-D9B446E1D6ED}
	EndGlobalSection
EndGlobal
